// !$*UTF8*$!
{
	archiveVersion = 1;
	classes = {
	};
	objectVersion = 46;
	objects = {

/* Begin PBXBuildFile section */
		B01CFF8818AB5774001CF628 /* Foundation.framework in Frameworks */ = {isa = PBXBuildFile; fileRef = B01CFF8718AB5774001CF628 /* Foundation.framework */; };
		B01CFF8A18AB5774001CF628 /* CoreGraphics.framework in Frameworks */ = {isa = PBXBuildFile; fileRef = B01CFF8918AB5774001CF628 /* CoreGraphics.framework */; };
		B01CFF8C18AB5774001CF628 /* UIKit.framework in Frameworks */ = {isa = PBXBuildFile; fileRef = B01CFF8B18AB5774001CF628 /* UIKit.framework */; };
		B01CFF9218AB5774001CF628 /* InfoPlist.strings in Resources */ = {isa = PBXBuildFile; fileRef = B01CFF9018AB5774001CF628 /* InfoPlist.strings */; };
		B01CFF9418AB5774001CF628 /* main.m in Sources */ = {isa = PBXBuildFile; fileRef = B01CFF9318AB5774001CF628 /* main.m */; };
		B01CFF9818AB5774001CF628 /* AppDelegate.m in Sources */ = {isa = PBXBuildFile; fileRef = B01CFF9718AB5774001CF628 /* AppDelegate.m */; };
		B01CFF9B18AB5774001CF628 /* Main.storyboard in Resources */ = {isa = PBXBuildFile; fileRef = B01CFF9918AB5774001CF628 /* Main.storyboard */; };
		B01CFF9E18AB5774001CF628 /* BaseMapViewController.m in Sources */ = {isa = PBXBuildFile; fileRef = B01CFF9D18AB5774001CF628 /* BaseMapViewController.m */; };
		B01CFFA018AB5774001CF628 /* Images.xcassets in Resources */ = {isa = PBXBuildFile; fileRef = B01CFF9F18AB5774001CF628 /* Images.xcassets */; };
		B01CFFA718AB5774001CF628 /* XCTest.framework in Frameworks */ = {isa = PBXBuildFile; fileRef = B01CFFA618AB5774001CF628 /* XCTest.framework */; };
		B01CFFA818AB5774001CF628 /* Foundation.framework in Frameworks */ = {isa = PBXBuildFile; fileRef = B01CFF8718AB5774001CF628 /* Foundation.framework */; };
		B01CFFA918AB5774001CF628 /* UIKit.framework in Frameworks */ = {isa = PBXBuildFile; fileRef = B01CFF8B18AB5774001CF628 /* UIKit.framework */; };
		B01CFFB118AB5774001CF628 /* InfoPlist.strings in Resources */ = {isa = PBXBuildFile; fileRef = B01CFFAF18AB5774001CF628 /* InfoPlist.strings */; };
		B01CFFB318AB5774001CF628 /* fuelpathTests.m in Sources */ = {isa = PBXBuildFile; fileRef = B01CFFB218AB5774001CF628 /* fuelpathTests.m */; };
		B01CFFBF18AB5809001CF628 /* QuartzCore.framework in Frameworks */ = {isa = PBXBuildFile; fileRef = B01CFFBE18AB5809001CF628 /* QuartzCore.framework */; };
		B01CFFC118AB5814001CF628 /* CoreLocation.framework in Frameworks */ = {isa = PBXBuildFile; fileRef = B01CFFC018AB5814001CF628 /* CoreLocation.framework */; };
		B01CFFC318AB581F001CF628 /* SystemConfiguration.framework in Frameworks */ = {isa = PBXBuildFile; fileRef = B01CFFC218AB581F001CF628 /* SystemConfiguration.framework */; };
		B01CFFC518AB5829001CF628 /* CoreTelephony.framework in Frameworks */ = {isa = PBXBuildFile; fileRef = B01CFFC418AB5829001CF628 /* CoreTelephony.framework */; };
		B01CFFC718AB5837001CF628 /* libz.dylib in Frameworks */ = {isa = PBXBuildFile; fileRef = B01CFFC618AB5837001CF628 /* libz.dylib */; };
		B01CFFC918AB583D001CF628 /* OpenGLES.framework in Frameworks */ = {isa = PBXBuildFile; fileRef = B01CFFC818AB583D001CF628 /* OpenGLES.framework */; };
		B01CFFCB18AB5849001CF628 /* libstdc++.6.0.9.dylib in Frameworks */ = {isa = PBXBuildFile; fileRef = B01CFFCA18AB5849001CF628 /* libstdc++.6.0.9.dylib */; };
		B01CFFCD18AB5855001CF628 /* Security.framework in Frameworks */ = {isa = PBXBuildFile; fileRef = B01CFFCC18AB5855001CF628 /* Security.framework */; };
		B01CFFCF18AB58A3001CF628 /* MAMapKit.framework in Frameworks */ = {isa = PBXBuildFile; fileRef = B01CFFCE18AB58A3001CF628 /* MAMapKit.framework */; };
		B01CFFD418AB5CF3001CF628 /* OverlayViewController.m in Sources */ = {isa = PBXBuildFile; fileRef = B01CFFD318AB5CF3001CF628 /* OverlayViewController.m */; };
		B01CFFD718AB5E7F001CF628 /* MainViewController.m in Sources */ = {isa = PBXBuildFile; fileRef = B01CFFD618AB5E7F001CF628 /* MainViewController.m */; };
		B01CFFDF18AB709B001CF628 /* CSqlite.m in Sources */ = {isa = PBXBuildFile; fileRef = B01CFFDA18AB709B001CF628 /* CSqlite.m */; };
		B01CFFE018AB709B001CF628 /* shell.c in Sources */ = {isa = PBXBuildFile; fileRef = B01CFFDB18AB709B001CF628 /* shell.c */; };
		B01CFFE118AB709B001CF628 /* sqlite3.c in Sources */ = {isa = PBXBuildFile; fileRef = B01CFFDC18AB709B001CF628 /* sqlite3.c */; };
		B01CFFE318AB7490001CF628 /* gps.db in Resources */ = {isa = PBXBuildFile; fileRef = B01CFFE218AB7490001CF628 /* gps.db */; };
		B01CFFE618AB776C001CF628 /* CLLocation+Sino.m in Sources */ = {isa = PBXBuildFile; fileRef = B01CFFE518AB776C001CF628 /* CLLocation+Sino.m */; };
		B01CFFE918ABB133001CF628 /* WGS84ToGCJ02.m in Sources */ = {isa = PBXBuildFile; fileRef = B01CFFE818ABB133001CF628 /* WGS84ToGCJ02.m */; };
		B01CFFEB18ABB996001CF628 /* AVFoundation.framework in Frameworks */ = {isa = PBXBuildFile; fileRef = B01CFFEA18ABB996001CF628 /* AVFoundation.framework */; };
		B07747DE18C23111009B7E04 /* Activity.xcdatamodeld in Sources */ = {isa = PBXBuildFile; fileRef = B07747DC18C23111009B7E04 /* Activity.xcdatamodeld */; };
		B07747ED18C2346A009B7E04 /* TestViewController.m in Sources */ = {isa = PBXBuildFile; fileRef = B07747EB18C2346A009B7E04 /* TestViewController.m */; };
		B07747EE18C2346A009B7E04 /* TestViewController.xib in Resources */ = {isa = PBXBuildFile; fileRef = B07747EC18C2346A009B7E04 /* TestViewController.xib */; };
		B07747F218C234F3009B7E04 /* PathGenerator.m in Sources */ = {isa = PBXBuildFile; fileRef = B07747F118C234F3009B7E04 /* PathGenerator.m */; };
		B07747F518C239A4009B7E04 /* RunningActivity.m in Sources */ = {isa = PBXBuildFile; fileRef = B07747F418C239A4009B7E04 /* RunningActivity.m */; };
		B077480D18C23BDF009B7E04 /* DataStore.m in Sources */ = {isa = PBXBuildFile; fileRef = B077480C18C23BDF009B7E04 /* DataStore.m */; };
		B077482218C24D87009B7E04 /* RoutePoint.m in Sources */ = {isa = PBXBuildFile; fileRef = B077482118C24D87009B7E04 /* RoutePoint.m */; };
		B077482818C252F0009B7E04 /* Route+WithRoutePoint.m in Sources */ = {isa = PBXBuildFile; fileRef = B077482718C252F0009B7E04 /* Route+WithRoutePoint.m */; };
		B077482B18C2DAB4009B7E04 /* Activity.m in Sources */ = {isa = PBXBuildFile; fileRef = B077482A18C2DAB4009B7E04 /* Activity.m */; };
		B077482E18C2DAB5009B7E04 /* Route.m in Sources */ = {isa = PBXBuildFile; fileRef = B077482D18C2DAB5009B7E04 /* Route.m */; };
		B077483118C2DAB5009B7E04 /* ActivityPhoto.m in Sources */ = {isa = PBXBuildFile; fileRef = B077483018C2DAB5009B7E04 /* ActivityPhoto.m */; };
		B077483518C2E9D5009B7E04 /* TestNewActivityViewController.m in Sources */ = {isa = PBXBuildFile; fileRef = B077483318C2E9D5009B7E04 /* TestNewActivityViewController.m */; };
		B077483618C2E9D5009B7E04 /* TestNewActivityViewController.xib in Resources */ = {isa = PBXBuildFile; fileRef = B077483418C2E9D5009B7E04 /* TestNewActivityViewController.xib */; };
		B077483A18C307F6009B7E04 /* TestMapViewController.m in Sources */ = {isa = PBXBuildFile; fileRef = B077483818C307F6009B7E04 /* TestMapViewController.m */; };
		B077483B18C307F6009B7E04 /* TestMapViewController.xib in Resources */ = {isa = PBXBuildFile; fileRef = B077483918C307F6009B7E04 /* TestMapViewController.xib */; };
		B077483D18C342A0009B7E04 /* MapKit.framework in Frameworks */ = {isa = PBXBuildFile; fileRef = B077483C18C342A0009B7E04 /* MapKit.framework */; };
		B0EB6F2F18ADE5CB0021DA8D /* PathViewController.m in Sources */ = {isa = PBXBuildFile; fileRef = B0EB6F2E18ADE5CB0021DA8D /* PathViewController.m */; };
		B0EB6F3218ADE7580021DA8D /* EmptyViewController.m in Sources */ = {isa = PBXBuildFile; fileRef = B0EB6F3118ADE7580021DA8D /* EmptyViewController.m */; };
		B0EB6F3A18ADFD460021DA8D /* beijing.gpx in Resources */ = {isa = PBXBuildFile; fileRef = B0EB6F3918ADFD450021DA8D /* beijing.gpx */; };
/* End PBXBuildFile section */

/* Begin PBXContainerItemProxy section */
		B01CFFAA18AB5774001CF628 /* PBXContainerItemProxy */ = {
			isa = PBXContainerItemProxy;
			containerPortal = B01CFF7C18AB5774001CF628 /* Project object */;
			proxyType = 1;
			remoteGlobalIDString = B01CFF8318AB5774001CF628;
			remoteInfo = fuelpath;
		};
/* End PBXContainerItemProxy section */

/* Begin PBXFileReference section */
		B01CFF8418AB5774001CF628 /* fuelpath.app */ = {isa = PBXFileReference; explicitFileType = wrapper.application; includeInIndex = 0; path = fuelpath.app; sourceTree = BUILT_PRODUCTS_DIR; };
		B01CFF8718AB5774001CF628 /* Foundation.framework */ = {isa = PBXFileReference; lastKnownFileType = wrapper.framework; name = Foundation.framework; path = System/Library/Frameworks/Foundation.framework; sourceTree = SDKROOT; };
		B01CFF8918AB5774001CF628 /* CoreGraphics.framework */ = {isa = PBXFileReference; lastKnownFileType = wrapper.framework; name = CoreGraphics.framework; path = System/Library/Frameworks/CoreGraphics.framework; sourceTree = SDKROOT; };
		B01CFF8B18AB5774001CF628 /* UIKit.framework */ = {isa = PBXFileReference; lastKnownFileType = wrapper.framework; name = UIKit.framework; path = System/Library/Frameworks/UIKit.framework; sourceTree = SDKROOT; };
		B01CFF8F18AB5774001CF628 /* fuelpath-Info.plist */ = {isa = PBXFileReference; lastKnownFileType = text.plist.xml; path = "fuelpath-Info.plist"; sourceTree = "<group>"; };
		B01CFF9118AB5774001CF628 /* en */ = {isa = PBXFileReference; lastKnownFileType = text.plist.strings; name = en; path = en.lproj/InfoPlist.strings; sourceTree = "<group>"; };
		B01CFF9318AB5774001CF628 /* main.m */ = {isa = PBXFileReference; lastKnownFileType = sourcecode.c.objc; path = main.m; sourceTree = "<group>"; };
		B01CFF9518AB5774001CF628 /* fuelpath-Prefix.pch */ = {isa = PBXFileReference; lastKnownFileType = sourcecode.c.h; path = "fuelpath-Prefix.pch"; sourceTree = "<group>"; };
		B01CFF9618AB5774001CF628 /* AppDelegate.h */ = {isa = PBXFileReference; lastKnownFileType = sourcecode.c.h; path = AppDelegate.h; sourceTree = "<group>"; };
		B01CFF9718AB5774001CF628 /* AppDelegate.m */ = {isa = PBXFileReference; lastKnownFileType = sourcecode.c.objc; path = AppDelegate.m; sourceTree = "<group>"; };
		B01CFF9A18AB5774001CF628 /* Base */ = {isa = PBXFileReference; lastKnownFileType = file.storyboard; name = Base; path = Base.lproj/Main.storyboard; sourceTree = "<group>"; };
		B01CFF9C18AB5774001CF628 /* BaseMapViewController.h */ = {isa = PBXFileReference; lastKnownFileType = sourcecode.c.h; path = BaseMapViewController.h; sourceTree = "<group>"; };
		B01CFF9D18AB5774001CF628 /* BaseMapViewController.m */ = {isa = PBXFileReference; lastKnownFileType = sourcecode.c.objc; path = BaseMapViewController.m; sourceTree = "<group>"; };
		B01CFF9F18AB5774001CF628 /* Images.xcassets */ = {isa = PBXFileReference; lastKnownFileType = folder.assetcatalog; path = Images.xcassets; sourceTree = "<group>"; };
		B01CFFA518AB5774001CF628 /* fuelpathTests.xctest */ = {isa = PBXFileReference; explicitFileType = wrapper.cfbundle; includeInIndex = 0; path = fuelpathTests.xctest; sourceTree = BUILT_PRODUCTS_DIR; };
		B01CFFA618AB5774001CF628 /* XCTest.framework */ = {isa = PBXFileReference; lastKnownFileType = wrapper.framework; name = XCTest.framework; path = Library/Frameworks/XCTest.framework; sourceTree = DEVELOPER_DIR; };
		B01CFFAE18AB5774001CF628 /* fuelpathTests-Info.plist */ = {isa = PBXFileReference; lastKnownFileType = text.plist.xml; path = "fuelpathTests-Info.plist"; sourceTree = "<group>"; };
		B01CFFB018AB5774001CF628 /* en */ = {isa = PBXFileReference; lastKnownFileType = text.plist.strings; name = en; path = en.lproj/InfoPlist.strings; sourceTree = "<group>"; };
		B01CFFB218AB5774001CF628 /* fuelpathTests.m */ = {isa = PBXFileReference; lastKnownFileType = sourcecode.c.objc; path = fuelpathTests.m; sourceTree = "<group>"; };
		B01CFFBE18AB5809001CF628 /* QuartzCore.framework */ = {isa = PBXFileReference; lastKnownFileType = wrapper.framework; name = QuartzCore.framework; path = System/Library/Frameworks/QuartzCore.framework; sourceTree = SDKROOT; };
		B01CFFC018AB5814001CF628 /* CoreLocation.framework */ = {isa = PBXFileReference; lastKnownFileType = wrapper.framework; name = CoreLocation.framework; path = System/Library/Frameworks/CoreLocation.framework; sourceTree = SDKROOT; };
		B01CFFC218AB581F001CF628 /* SystemConfiguration.framework */ = {isa = PBXFileReference; lastKnownFileType = wrapper.framework; name = SystemConfiguration.framework; path = System/Library/Frameworks/SystemConfiguration.framework; sourceTree = SDKROOT; };
		B01CFFC418AB5829001CF628 /* CoreTelephony.framework */ = {isa = PBXFileReference; lastKnownFileType = wrapper.framework; name = CoreTelephony.framework; path = System/Library/Frameworks/CoreTelephony.framework; sourceTree = SDKROOT; };
		B01CFFC618AB5837001CF628 /* libz.dylib */ = {isa = PBXFileReference; lastKnownFileType = "compiled.mach-o.dylib"; name = libz.dylib; path = usr/lib/libz.dylib; sourceTree = SDKROOT; };
		B01CFFC818AB583D001CF628 /* OpenGLES.framework */ = {isa = PBXFileReference; lastKnownFileType = wrapper.framework; name = OpenGLES.framework; path = System/Library/Frameworks/OpenGLES.framework; sourceTree = SDKROOT; };
		B01CFFCA18AB5849001CF628 /* libstdc++.6.0.9.dylib */ = {isa = PBXFileReference; lastKnownFileType = "compiled.mach-o.dylib"; name = "libstdc++.6.0.9.dylib"; path = "usr/lib/libstdc++.6.0.9.dylib"; sourceTree = SDKROOT; };
		B01CFFCC18AB5855001CF628 /* Security.framework */ = {isa = PBXFileReference; lastKnownFileType = wrapper.framework; name = Security.framework; path = System/Library/Frameworks/Security.framework; sourceTree = SDKROOT; };
		B01CFFCE18AB58A3001CF628 /* MAMapKit.framework */ = {isa = PBXFileReference; lastKnownFileType = wrapper.framework; name = MAMapKit.framework; path = ../../../Downloads/AMap_iOS_API_Lib_V2.1.3/3D/MAMapKit.framework; sourceTree = "<group>"; };
		B01CFFD218AB5CF3001CF628 /* OverlayViewController.h */ = {isa = PBXFileReference; fileEncoding = 4; lastKnownFileType = sourcecode.c.h; path = OverlayViewController.h; sourceTree = "<group>"; };
		B01CFFD318AB5CF3001CF628 /* OverlayViewController.m */ = {isa = PBXFileReference; fileEncoding = 4; lastKnownFileType = sourcecode.c.objc; path = OverlayViewController.m; sourceTree = "<group>"; };
		B01CFFD518AB5E7F001CF628 /* MainViewController.h */ = {isa = PBXFileReference; fileEncoding = 4; lastKnownFileType = sourcecode.c.h; path = MainViewController.h; sourceTree = "<group>"; };
		B01CFFD618AB5E7F001CF628 /* MainViewController.m */ = {isa = PBXFileReference; fileEncoding = 4; lastKnownFileType = sourcecode.c.objc; path = MainViewController.m; sourceTree = "<group>"; };
		B01CFFD918AB709B001CF628 /* CSqlite.h */ = {isa = PBXFileReference; fileEncoding = 4; lastKnownFileType = sourcecode.c.h; path = CSqlite.h; sourceTree = "<group>"; };
		B01CFFDA18AB709B001CF628 /* CSqlite.m */ = {isa = PBXFileReference; fileEncoding = 4; lastKnownFileType = sourcecode.c.objc; path = CSqlite.m; sourceTree = "<group>"; };
		B01CFFDB18AB709B001CF628 /* shell.c */ = {isa = PBXFileReference; fileEncoding = 4; lastKnownFileType = sourcecode.c.c; path = shell.c; sourceTree = "<group>"; };
		B01CFFDC18AB709B001CF628 /* sqlite3.c */ = {isa = PBXFileReference; fileEncoding = 4; lastKnownFileType = sourcecode.c.c; path = sqlite3.c; sourceTree = "<group>"; };
		B01CFFDD18AB709B001CF628 /* sqlite3.h */ = {isa = PBXFileReference; fileEncoding = 4; lastKnownFileType = sourcecode.c.h; path = sqlite3.h; sourceTree = "<group>"; };
		B01CFFDE18AB709B001CF628 /* sqlite3ext.h */ = {isa = PBXFileReference; fileEncoding = 4; lastKnownFileType = sourcecode.c.h; path = sqlite3ext.h; sourceTree = "<group>"; };
		B01CFFE218AB7490001CF628 /* gps.db */ = {isa = PBXFileReference; lastKnownFileType = file; path = gps.db; sourceTree = "<group>"; };
		B01CFFE418AB776C001CF628 /* CLLocation+Sino.h */ = {isa = PBXFileReference; fileEncoding = 4; lastKnownFileType = sourcecode.c.h; path = "CLLocation+Sino.h"; sourceTree = "<group>"; };
		B01CFFE518AB776C001CF628 /* CLLocation+Sino.m */ = {isa = PBXFileReference; fileEncoding = 4; lastKnownFileType = sourcecode.c.objc; path = "CLLocation+Sino.m"; sourceTree = "<group>"; };
		B01CFFE718ABB133001CF628 /* WGS84ToGCJ02.h */ = {isa = PBXFileReference; fileEncoding = 4; lastKnownFileType = sourcecode.c.h; path = WGS84ToGCJ02.h; sourceTree = "<group>"; };
		B01CFFE818ABB133001CF628 /* WGS84ToGCJ02.m */ = {isa = PBXFileReference; fileEncoding = 4; lastKnownFileType = sourcecode.c.objc; path = WGS84ToGCJ02.m; sourceTree = "<group>"; };
		B01CFFEA18ABB996001CF628 /* AVFoundation.framework */ = {isa = PBXFileReference; lastKnownFileType = wrapper.framework; name = AVFoundation.framework; path = System/Library/Frameworks/AVFoundation.framework; sourceTree = SDKROOT; };
		B07747DD18C23111009B7E04 /* Activity.xcdatamodel */ = {isa = PBXFileReference; lastKnownFileType = wrapper.xcdatamodel; path = Activity.xcdatamodel; sourceTree = "<group>"; };
		B07747EA18C2346A009B7E04 /* TestViewController.h */ = {isa = PBXFileReference; fileEncoding = 4; lastKnownFileType = sourcecode.c.h; path = TestViewController.h; sourceTree = "<group>"; };
		B07747EB18C2346A009B7E04 /* TestViewController.m */ = {isa = PBXFileReference; fileEncoding = 4; lastKnownFileType = sourcecode.c.objc; path = TestViewController.m; sourceTree = "<group>"; };
		B07747EC18C2346A009B7E04 /* TestViewController.xib */ = {isa = PBXFileReference; fileEncoding = 4; lastKnownFileType = file.xib; path = TestViewController.xib; sourceTree = "<group>"; };
		B07747F018C234F3009B7E04 /* PathGenerator.h */ = {isa = PBXFileReference; fileEncoding = 4; lastKnownFileType = sourcecode.c.h; path = PathGenerator.h; sourceTree = "<group>"; };
		B07747F118C234F3009B7E04 /* PathGenerator.m */ = {isa = PBXFileReference; fileEncoding = 4; lastKnownFileType = sourcecode.c.objc; path = PathGenerator.m; sourceTree = "<group>"; };
		B07747F318C239A4009B7E04 /* RunningActivity.h */ = {isa = PBXFileReference; fileEncoding = 4; lastKnownFileType = sourcecode.c.h; path = RunningActivity.h; sourceTree = "<group>"; };
		B07747F418C239A4009B7E04 /* RunningActivity.m */ = {isa = PBXFileReference; fileEncoding = 4; lastKnownFileType = sourcecode.c.objc; path = RunningActivity.m; sourceTree = "<group>"; };
		B077480B18C23BDF009B7E04 /* DataStore.h */ = {isa = PBXFileReference; fileEncoding = 4; lastKnownFileType = sourcecode.c.h; path = DataStore.h; sourceTree = "<group>"; };
		B077480C18C23BDF009B7E04 /* DataStore.m */ = {isa = PBXFileReference; fileEncoding = 4; lastKnownFileType = sourcecode.c.objc; path = DataStore.m; sourceTree = "<group>"; };
		B077482018C24D87009B7E04 /* RoutePoint.h */ = {isa = PBXFileReference; fileEncoding = 4; lastKnownFileType = sourcecode.c.h; path = RoutePoint.h; sourceTree = "<group>"; };
		B077482118C24D87009B7E04 /* RoutePoint.m */ = {isa = PBXFileReference; fileEncoding = 4; lastKnownFileType = sourcecode.c.objc; path = RoutePoint.m; sourceTree = "<group>"; };
		B077482618C252F0009B7E04 /* Route+WithRoutePoint.h */ = {isa = PBXFileReference; fileEncoding = 4; lastKnownFileType = sourcecode.c.h; path = "Route+WithRoutePoint.h"; sourceTree = "<group>"; };
		B077482718C252F0009B7E04 /* Route+WithRoutePoint.m */ = {isa = PBXFileReference; fileEncoding = 4; lastKnownFileType = sourcecode.c.objc; path = "Route+WithRoutePoint.m"; sourceTree = "<group>"; };
		B077482918C2DAB4009B7E04 /* Activity.h */ = {isa = PBXFileReference; fileEncoding = 4; lastKnownFileType = sourcecode.c.h; path = Activity.h; sourceTree = "<group>"; };
		B077482A18C2DAB4009B7E04 /* Activity.m */ = {isa = PBXFileReference; fileEncoding = 4; lastKnownFileType = sourcecode.c.objc; path = Activity.m; sourceTree = "<group>"; };
		B077482C18C2DAB5009B7E04 /* Route.h */ = {isa = PBXFileReference; fileEncoding = 4; lastKnownFileType = sourcecode.c.h; path = Route.h; sourceTree = "<group>"; };
		B077482D18C2DAB5009B7E04 /* Route.m */ = {isa = PBXFileReference; fileEncoding = 4; lastKnownFileType = sourcecode.c.objc; path = Route.m; sourceTree = "<group>"; };
		B077482F18C2DAB5009B7E04 /* ActivityPhoto.h */ = {isa = PBXFileReference; fileEncoding = 4; lastKnownFileType = sourcecode.c.h; path = ActivityPhoto.h; sourceTree = "<group>"; };
		B077483018C2DAB5009B7E04 /* ActivityPhoto.m */ = {isa = PBXFileReference; fileEncoding = 4; lastKnownFileType = sourcecode.c.objc; path = ActivityPhoto.m; sourceTree = "<group>"; };
		B077483218C2E9D5009B7E04 /* TestNewActivityViewController.h */ = {isa = PBXFileReference; fileEncoding = 4; lastKnownFileType = sourcecode.c.h; path = TestNewActivityViewController.h; sourceTree = "<group>"; };
		B077483318C2E9D5009B7E04 /* TestNewActivityViewController.m */ = {isa = PBXFileReference; fileEncoding = 4; lastKnownFileType = sourcecode.c.objc; path = TestNewActivityViewController.m; sourceTree = "<group>"; };
		B077483418C2E9D5009B7E04 /* TestNewActivityViewController.xib */ = {isa = PBXFileReference; fileEncoding = 4; lastKnownFileType = file.xib; path = TestNewActivityViewController.xib; sourceTree = "<group>"; };
		B077483718C307F6009B7E04 /* TestMapViewController.h */ = {isa = PBXFileReference; fileEncoding = 4; lastKnownFileType = sourcecode.c.h; path = TestMapViewController.h; sourceTree = "<group>"; };
		B077483818C307F6009B7E04 /* TestMapViewController.m */ = {isa = PBXFileReference; fileEncoding = 4; lastKnownFileType = sourcecode.c.objc; path = TestMapViewController.m; sourceTree = "<group>"; };
		B077483918C307F6009B7E04 /* TestMapViewController.xib */ = {isa = PBXFileReference; fileEncoding = 4; lastKnownFileType = file.xib; path = TestMapViewController.xib; sourceTree = "<group>"; };
		B077483C18C342A0009B7E04 /* MapKit.framework */ = {isa = PBXFileReference; lastKnownFileType = wrapper.framework; name = MapKit.framework; path = System/Library/Frameworks/MapKit.framework; sourceTree = SDKROOT; };
		B0EB6F2D18ADE5CB0021DA8D /* PathViewController.h */ = {isa = PBXFileReference; fileEncoding = 4; lastKnownFileType = sourcecode.c.h; path = PathViewController.h; sourceTree = "<group>"; };
		B0EB6F2E18ADE5CB0021DA8D /* PathViewController.m */ = {isa = PBXFileReference; fileEncoding = 4; lastKnownFileType = sourcecode.c.objc; path = PathViewController.m; sourceTree = "<group>"; };
		B0EB6F3018ADE7580021DA8D /* EmptyViewController.h */ = {isa = PBXFileReference; fileEncoding = 4; lastKnownFileType = sourcecode.c.h; path = EmptyViewController.h; sourceTree = "<group>"; };
		B0EB6F3118ADE7580021DA8D /* EmptyViewController.m */ = {isa = PBXFileReference; fileEncoding = 4; lastKnownFileType = sourcecode.c.objc; path = EmptyViewController.m; sourceTree = "<group>"; };
		B0EB6F3918ADFD450021DA8D /* beijing.gpx */ = {isa = PBXFileReference; fileEncoding = 4; lastKnownFileType = text.xml; path = beijing.gpx; sourceTree = "<group>"; };
/* End PBXFileReference section */

/* Begin PBXFrameworksBuildPhase section */
		B01CFF8118AB5774001CF628 /* Frameworks */ = {
			isa = PBXFrameworksBuildPhase;
			buildActionMask = 2147483647;
			files = (
				B077483D18C342A0009B7E04 /* MapKit.framework in Frameworks */,
				B01CFFEB18ABB996001CF628 /* AVFoundation.framework in Frameworks */,
				B01CFFCD18AB5855001CF628 /* Security.framework in Frameworks */,
				B01CFFCB18AB5849001CF628 /* libstdc++.6.0.9.dylib in Frameworks */,
				B01CFFC918AB583D001CF628 /* OpenGLES.framework in Frameworks */,
				B01CFFC718AB5837001CF628 /* libz.dylib in Frameworks */,
				B01CFFC518AB5829001CF628 /* CoreTelephony.framework in Frameworks */,
				B01CFFC318AB581F001CF628 /* SystemConfiguration.framework in Frameworks */,
				B01CFFC118AB5814001CF628 /* CoreLocation.framework in Frameworks */,
				B01CFFBF18AB5809001CF628 /* QuartzCore.framework in Frameworks */,
				B01CFF8A18AB5774001CF628 /* CoreGraphics.framework in Frameworks */,
				B01CFF8C18AB5774001CF628 /* UIKit.framework in Frameworks */,
				B01CFFCF18AB58A3001CF628 /* MAMapKit.framework in Frameworks */,
				B01CFF8818AB5774001CF628 /* Foundation.framework in Frameworks */,
			);
			runOnlyForDeploymentPostprocessing = 0;
		};
		B01CFFA218AB5774001CF628 /* Frameworks */ = {
			isa = PBXFrameworksBuildPhase;
			buildActionMask = 2147483647;
			files = (
				B01CFFA718AB5774001CF628 /* XCTest.framework in Frameworks */,
				B01CFFA918AB5774001CF628 /* UIKit.framework in Frameworks */,
				B01CFFA818AB5774001CF628 /* Foundation.framework in Frameworks */,
			);
			runOnlyForDeploymentPostprocessing = 0;
		};
/* End PBXFrameworksBuildPhase section */

/* Begin PBXGroup section */
		B01CFF7B18AB5774001CF628 = {
			isa = PBXGroup;
			children = (
				B0EB6F3918ADFD450021DA8D /* beijing.gpx */,
				B01CFF8D18AB5774001CF628 /* fuelpath */,
				B01CFFAC18AB5774001CF628 /* fuelpathTests */,
				B01CFF8618AB5774001CF628 /* Frameworks */,
				B01CFF8518AB5774001CF628 /* Products */,
			);
			sourceTree = "<group>";
		};
		B01CFF8518AB5774001CF628 /* Products */ = {
			isa = PBXGroup;
			children = (
				B01CFF8418AB5774001CF628 /* fuelpath.app */,
				B01CFFA518AB5774001CF628 /* fuelpathTests.xctest */,
			);
			name = Products;
			sourceTree = "<group>";
		};
		B01CFF8618AB5774001CF628 /* Frameworks */ = {
			isa = PBXGroup;
			children = (
				B077483C18C342A0009B7E04 /* MapKit.framework */,
				B01CFFEA18ABB996001CF628 /* AVFoundation.framework */,
				B01CFFCE18AB58A3001CF628 /* MAMapKit.framework */,
				B01CFFCC18AB5855001CF628 /* Security.framework */,
				B01CFFCA18AB5849001CF628 /* libstdc++.6.0.9.dylib */,
				B01CFFC818AB583D001CF628 /* OpenGLES.framework */,
				B01CFFC618AB5837001CF628 /* libz.dylib */,
				B01CFFC418AB5829001CF628 /* CoreTelephony.framework */,
				B01CFFC218AB581F001CF628 /* SystemConfiguration.framework */,
				B01CFFC018AB5814001CF628 /* CoreLocation.framework */,
				B01CFFBE18AB5809001CF628 /* QuartzCore.framework */,
				B01CFF8718AB5774001CF628 /* Foundation.framework */,
				B01CFF8918AB5774001CF628 /* CoreGraphics.framework */,
				B01CFF8B18AB5774001CF628 /* UIKit.framework */,
				B01CFFA618AB5774001CF628 /* XCTest.framework */,
			);
			name = Frameworks;
			sourceTree = "<group>";
		};
		B01CFF8D18AB5774001CF628 /* fuelpath */ = {
			isa = PBXGroup;
			children = (
				B07747EF18C234DB009B7E04 /* TestUtils */,
				B07747E918C23445009B7E04 /* Controller */,
				B07747E818C233A0009B7E04 /* Model */,
				B01CFFD818AB709B001CF628 /* Sqlite */,
				B01CFFD518AB5E7F001CF628 /* MainViewController.h */,
				B01CFFD618AB5E7F001CF628 /* MainViewController.m */,
				B01CFF9618AB5774001CF628 /* AppDelegate.h */,
				B01CFF9718AB5774001CF628 /* AppDelegate.m */,
				B01CFF9918AB5774001CF628 /* Main.storyboard */,
				B01CFF9C18AB5774001CF628 /* BaseMapViewController.h */,
				B01CFF9D18AB5774001CF628 /* BaseMapViewController.m */,
				B01CFF9F18AB5774001CF628 /* Images.xcassets */,
				B01CFF8E18AB5774001CF628 /* Supporting Files */,
				B01CFFD218AB5CF3001CF628 /* OverlayViewController.h */,
				B01CFFD318AB5CF3001CF628 /* OverlayViewController.m */,
				B01CFFE418AB776C001CF628 /* CLLocation+Sino.h */,
				B01CFFE518AB776C001CF628 /* CLLocation+Sino.m */,
				B01CFFE718ABB133001CF628 /* WGS84ToGCJ02.h */,
				B01CFFE818ABB133001CF628 /* WGS84ToGCJ02.m */,
				B0EB6F2D18ADE5CB0021DA8D /* PathViewController.h */,
				B0EB6F2E18ADE5CB0021DA8D /* PathViewController.m */,
				B0EB6F3018ADE7580021DA8D /* EmptyViewController.h */,
				B0EB6F3118ADE7580021DA8D /* EmptyViewController.m */,
			);
			path = fuelpath;
			sourceTree = "<group>";
		};
		B01CFF8E18AB5774001CF628 /* Supporting Files */ = {
			isa = PBXGroup;
			children = (
				B01CFFE218AB7490001CF628 /* gps.db */,
				B01CFF8F18AB5774001CF628 /* fuelpath-Info.plist */,
				B01CFF9018AB5774001CF628 /* InfoPlist.strings */,
				B01CFF9318AB5774001CF628 /* main.m */,
				B01CFF9518AB5774001CF628 /* fuelpath-Prefix.pch */,
			);
			name = "Supporting Files";
			sourceTree = "<group>";
		};
		B01CFFAC18AB5774001CF628 /* fuelpathTests */ = {
			isa = PBXGroup;
			children = (
				B01CFFB218AB5774001CF628 /* fuelpathTests.m */,
				B01CFFAD18AB5774001CF628 /* Supporting Files */,
			);
			path = fuelpathTests;
			sourceTree = "<group>";
		};
		B01CFFAD18AB5774001CF628 /* Supporting Files */ = {
			isa = PBXGroup;
			children = (
				B01CFFAE18AB5774001CF628 /* fuelpathTests-Info.plist */,
				B01CFFAF18AB5774001CF628 /* InfoPlist.strings */,
			);
			name = "Supporting Files";
			sourceTree = "<group>";
		};
		B01CFFD818AB709B001CF628 /* Sqlite */ = {
			isa = PBXGroup;
			children = (
				B01CFFD918AB709B001CF628 /* CSqlite.h */,
				B01CFFDA18AB709B001CF628 /* CSqlite.m */,
				B01CFFDB18AB709B001CF628 /* shell.c */,
				B01CFFDC18AB709B001CF628 /* sqlite3.c */,
				B01CFFDD18AB709B001CF628 /* sqlite3.h */,
				B01CFFDE18AB709B001CF628 /* sqlite3ext.h */,
			);
			path = Sqlite;
			sourceTree = "<group>";
		};
		B07747E818C233A0009B7E04 /* Model */ = {
			isa = PBXGroup;
			children = (
				B07747DC18C23111009B7E04 /* Activity.xcdatamodeld */,
				B077482F18C2DAB5009B7E04 /* ActivityPhoto.h */,
				B077483018C2DAB5009B7E04 /* ActivityPhoto.m */,
				B077482C18C2DAB5009B7E04 /* Route.h */,
				B077482D18C2DAB5009B7E04 /* Route.m */,
				B077482918C2DAB4009B7E04 /* Activity.h */,
				B077482A18C2DAB4009B7E04 /* Activity.m */,
				B077480B18C23BDF009B7E04 /* DataStore.h */,
				B077480C18C23BDF009B7E04 /* DataStore.m */,
				B077482018C24D87009B7E04 /* RoutePoint.h */,
				B077482118C24D87009B7E04 /* RoutePoint.m */,
				B077482618C252F0009B7E04 /* Route+WithRoutePoint.h */,
				B077482718C252F0009B7E04 /* Route+WithRoutePoint.m */,
			);
			name = Model;
			sourceTree = "<group>";
		};
		B07747E918C23445009B7E04 /* Controller */ = {
			isa = PBXGroup;
			children = (
			);
			name = Controller;
			sourceTree = "<group>";
		};
		B07747EF18C234DB009B7E04 /* TestUtils */ = {
			isa = PBXGroup;
			children = (
				B07747EA18C2346A009B7E04 /* TestViewController.h */,
				B07747EB18C2346A009B7E04 /* TestViewController.m */,
				B07747EC18C2346A009B7E04 /* TestViewController.xib */,
				B07747F018C234F3009B7E04 /* PathGenerator.h */,
				B07747F118C234F3009B7E04 /* PathGenerator.m */,
				B07747F318C239A4009B7E04 /* RunningActivity.h */,
				B07747F418C239A4009B7E04 /* RunningActivity.m */,
				B077483218C2E9D5009B7E04 /* TestNewActivityViewController.h */,
				B077483318C2E9D5009B7E04 /* TestNewActivityViewController.m */,
				B077483418C2E9D5009B7E04 /* TestNewActivityViewController.xib */,
				B077483718C307F6009B7E04 /* TestMapViewController.h */,
				B077483818C307F6009B7E04 /* TestMapViewController.m */,
				B077483918C307F6009B7E04 /* TestMapViewController.xib */,
			);
			name = TestUtils;
			sourceTree = "<group>";
		};
/* End PBXGroup section */

/* Begin PBXNativeTarget section */
		B01CFF8318AB5774001CF628 /* fuelpath */ = {
			isa = PBXNativeTarget;
			buildConfigurationList = B01CFFB618AB5774001CF628 /* Build configuration list for PBXNativeTarget "fuelpath" */;
			buildPhases = (
				B01CFF8018AB5774001CF628 /* Sources */,
				B01CFF8118AB5774001CF628 /* Frameworks */,
				B01CFF8218AB5774001CF628 /* Resources */,
			);
			buildRules = (
			);
			dependencies = (
			);
			name = fuelpath;
			productName = fuelpath;
			productReference = B01CFF8418AB5774001CF628 /* fuelpath.app */;
			productType = "com.apple.product-type.application";
		};
		B01CFFA418AB5774001CF628 /* fuelpathTests */ = {
			isa = PBXNativeTarget;
			buildConfigurationList = B01CFFB918AB5774001CF628 /* Build configuration list for PBXNativeTarget "fuelpathTests" */;
			buildPhases = (
				B01CFFA118AB5774001CF628 /* Sources */,
				B01CFFA218AB5774001CF628 /* Frameworks */,
				B01CFFA318AB5774001CF628 /* Resources */,
			);
			buildRules = (
			);
			dependencies = (
				B01CFFAB18AB5774001CF628 /* PBXTargetDependency */,
			);
			name = fuelpathTests;
			productName = fuelpathTests;
			productReference = B01CFFA518AB5774001CF628 /* fuelpathTests.xctest */;
			productType = "com.apple.product-type.bundle.unit-test";
		};
/* End PBXNativeTarget section */

/* Begin PBXProject section */
		B01CFF7C18AB5774001CF628 /* Project object */ = {
			isa = PBXProject;
			attributes = {
				LastUpgradeCheck = 0500;
				ORGANIZATIONNAME = beacon;
				TargetAttributes = {
					B01CFFA418AB5774001CF628 = {
						TestTargetID = B01CFF8318AB5774001CF628;
					};
				};
			};
			buildConfigurationList = B01CFF7F18AB5774001CF628 /* Build configuration list for PBXProject "fuelpath" */;
			compatibilityVersion = "Xcode 3.2";
			developmentRegion = English;
			hasScannedForEncodings = 0;
			knownRegions = (
				en,
				Base,
			);
			mainGroup = B01CFF7B18AB5774001CF628;
			productRefGroup = B01CFF8518AB5774001CF628 /* Products */;
			projectDirPath = "";
			projectRoot = "";
			targets = (
				B01CFF8318AB5774001CF628 /* fuelpath */,
				B01CFFA418AB5774001CF628 /* fuelpathTests */,
			);
		};
/* End PBXProject section */

/* Begin PBXResourcesBuildPhase section */
		B01CFF8218AB5774001CF628 /* Resources */ = {
			isa = PBXResourcesBuildPhase;
			buildActionMask = 2147483647;
			files = (
				B01CFFE318AB7490001CF628 /* gps.db in Resources */,
				B01CFFA018AB5774001CF628 /* Images.xcassets in Resources */,
				B01CFF9218AB5774001CF628 /* InfoPlist.strings in Resources */,
				B077483B18C307F6009B7E04 /* TestMapViewController.xib in Resources */,
				B0EB6F3A18ADFD460021DA8D /* beijing.gpx in Resources */,
				B07747EE18C2346A009B7E04 /* TestViewController.xib in Resources */,
				B01CFF9B18AB5774001CF628 /* Main.storyboard in Resources */,
				B077483618C2E9D5009B7E04 /* TestNewActivityViewController.xib in Resources */,
			);
			runOnlyForDeploymentPostprocessing = 0;
		};
		B01CFFA318AB5774001CF628 /* Resources */ = {
			isa = PBXResourcesBuildPhase;
			buildActionMask = 2147483647;
			files = (
				B01CFFB118AB5774001CF628 /* InfoPlist.strings in Resources */,
			);
			runOnlyForDeploymentPostprocessing = 0;
		};
/* End PBXResourcesBuildPhase section */

/* Begin PBXSourcesBuildPhase section */
		B01CFF8018AB5774001CF628 /* Sources */ = {
			isa = PBXSourcesBuildPhase;
			buildActionMask = 2147483647;
			files = (
				B07747F218C234F3009B7E04 /* PathGenerator.m in Sources */,
				B077483118C2DAB5009B7E04 /* ActivityPhoto.m in Sources */,
				B077482218C24D87009B7E04 /* RoutePoint.m in Sources */,
				B077483A18C307F6009B7E04 /* TestMapViewController.m in Sources */,
				B077483518C2E9D5009B7E04 /* TestNewActivityViewController.m in Sources */,
				B0EB6F2F18ADE5CB0021DA8D /* PathViewController.m in Sources */,
				B01CFFE618AB776C001CF628 /* CLLocation+Sino.m in Sources */,
				B077482B18C2DAB4009B7E04 /* Activity.m in Sources */,
				B01CFFE918ABB133001CF628 /* WGS84ToGCJ02.m in Sources */,
				B077480D18C23BDF009B7E04 /* DataStore.m in Sources */,
				B07747DE18C23111009B7E04 /* Activity.xcdatamodeld in Sources */,
				B01CFF9E18AB5774001CF628 /* BaseMapViewController.m in Sources */,
				B01CFF9818AB5774001CF628 /* AppDelegate.m in Sources */,
				B01CFF9418AB5774001CF628 /* main.m in Sources */,
				B07747F518C239A4009B7E04 /* RunningActivity.m in Sources */,
				B01CFFE018AB709B001CF628 /* shell.c in Sources */,
				B01CFFD718AB5E7F001CF628 /* MainViewController.m in Sources */,
				B077482E18C2DAB5009B7E04 /* Route.m in Sources */,
				B01CFFD418AB5CF3001CF628 /* OverlayViewController.m in Sources */,
				B01CFFDF18AB709B001CF628 /* CSqlite.m in Sources */,
				B077482818C252F0009B7E04 /* Route+WithRoutePoint.m in Sources */,
				B07747ED18C2346A009B7E04 /* TestViewController.m in Sources */,
				B0EB6F3218ADE7580021DA8D /* EmptyViewController.m in Sources */,
				B01CFFE118AB709B001CF628 /* sqlite3.c in Sources */,
			);
			runOnlyForDeploymentPostprocessing = 0;
		};
		B01CFFA118AB5774001CF628 /* Sources */ = {
			isa = PBXSourcesBuildPhase;
			buildActionMask = 2147483647;
			files = (
				B01CFFB318AB5774001CF628 /* fuelpathTests.m in Sources */,
			);
			runOnlyForDeploymentPostprocessing = 0;
		};
/* End PBXSourcesBuildPhase section */

/* Begin PBXTargetDependency section */
		B01CFFAB18AB5774001CF628 /* PBXTargetDependency */ = {
			isa = PBXTargetDependency;
			target = B01CFF8318AB5774001CF628 /* fuelpath */;
			targetProxy = B01CFFAA18AB5774001CF628 /* PBXContainerItemProxy */;
		};
/* End PBXTargetDependency section */

/* Begin PBXVariantGroup section */
		B01CFF9018AB5774001CF628 /* InfoPlist.strings */ = {
			isa = PBXVariantGroup;
			children = (
				B01CFF9118AB5774001CF628 /* en */,
			);
			name = InfoPlist.strings;
			sourceTree = "<group>";
		};
		B01CFF9918AB5774001CF628 /* Main.storyboard */ = {
			isa = PBXVariantGroup;
			children = (
				B01CFF9A18AB5774001CF628 /* Base */,
			);
			name = Main.storyboard;
			sourceTree = "<group>";
		};
		B01CFFAF18AB5774001CF628 /* InfoPlist.strings */ = {
			isa = PBXVariantGroup;
			children = (
				B01CFFB018AB5774001CF628 /* en */,
			);
			name = InfoPlist.strings;
			sourceTree = "<group>";
		};
/* End PBXVariantGroup section */

/* Begin XCBuildConfiguration section */
		B01CFFB418AB5774001CF628 /* Debug */ = {
			isa = XCBuildConfiguration;
			buildSettings = {
				ALWAYS_SEARCH_USER_PATHS = NO;
				ARCHS = "$(ARCHS_STANDARD_INCLUDING_64_BIT)";
				CLANG_CXX_LANGUAGE_STANDARD = "gnu++0x";
				CLANG_CXX_LIBRARY = "libc++";
				CLANG_ENABLE_MODULES = YES;
				CLANG_ENABLE_OBJC_ARC = YES;
				CLANG_WARN_BOOL_CONVERSION = YES;
				CLANG_WARN_CONSTANT_CONVERSION = YES;
				CLANG_WARN_DIRECT_OBJC_ISA_USAGE = YES_ERROR;
				CLANG_WARN_EMPTY_BODY = YES;
				CLANG_WARN_ENUM_CONVERSION = YES;
				CLANG_WARN_INT_CONVERSION = YES;
				CLANG_WARN_OBJC_ROOT_CLASS = YES_ERROR;
				CLANG_WARN__DUPLICATE_METHOD_MATCH = YES;
				"CODE_SIGN_IDENTITY[sdk=iphoneos*]" = "iPhone Developer";
				COPY_PHASE_STRIP = NO;
				GCC_C_LANGUAGE_STANDARD = gnu99;
				GCC_DYNAMIC_NO_PIC = NO;
				GCC_OPTIMIZATION_LEVEL = 0;
				GCC_PREPROCESSOR_DEFINITIONS = (
					"DEBUG=1",
					"$(inherited)",
				);
				GCC_SYMBOLS_PRIVATE_EXTERN = NO;
				GCC_WARN_64_TO_32_BIT_CONVERSION = YES;
				GCC_WARN_ABOUT_RETURN_TYPE = YES_ERROR;
				GCC_WARN_UNDECLARED_SELECTOR = YES;
				GCC_WARN_UNINITIALIZED_AUTOS = YES;
				GCC_WARN_UNUSED_FUNCTION = YES;
				GCC_WARN_UNUSED_VARIABLE = YES;
				IPHONEOS_DEPLOYMENT_TARGET = 7.0;
				ONLY_ACTIVE_ARCH = YES;
				SDKROOT = iphoneos;
			};
			name = Debug;
		};
		B01CFFB518AB5774001CF628 /* Release */ = {
			isa = XCBuildConfiguration;
			buildSettings = {
				ALWAYS_SEARCH_USER_PATHS = NO;
				ARCHS = "$(ARCHS_STANDARD_INCLUDING_64_BIT)";
				CLANG_CXX_LANGUAGE_STANDARD = "gnu++0x";
				CLANG_CXX_LIBRARY = "libc++";
				CLANG_ENABLE_MODULES = YES;
				CLANG_ENABLE_OBJC_ARC = YES;
				CLANG_WARN_BOOL_CONVERSION = YES;
				CLANG_WARN_CONSTANT_CONVERSION = YES;
				CLANG_WARN_DIRECT_OBJC_ISA_USAGE = YES_ERROR;
				CLANG_WARN_EMPTY_BODY = YES;
				CLANG_WARN_ENUM_CONVERSION = YES;
				CLANG_WARN_INT_CONVERSION = YES;
				CLANG_WARN_OBJC_ROOT_CLASS = YES_ERROR;
				CLANG_WARN__DUPLICATE_METHOD_MATCH = YES;
				"CODE_SIGN_IDENTITY[sdk=iphoneos*]" = "iPhone Developer";
				COPY_PHASE_STRIP = YES;
				ENABLE_NS_ASSERTIONS = NO;
				GCC_C_LANGUAGE_STANDARD = gnu99;
				GCC_WARN_64_TO_32_BIT_CONVERSION = YES;
				GCC_WARN_ABOUT_RETURN_TYPE = YES_ERROR;
				GCC_WARN_UNDECLARED_SELECTOR = YES;
				GCC_WARN_UNINITIALIZED_AUTOS = YES;
				GCC_WARN_UNUSED_FUNCTION = YES;
				GCC_WARN_UNUSED_VARIABLE = YES;
				IPHONEOS_DEPLOYMENT_TARGET = 7.0;
				SDKROOT = iphoneos;
				VALIDATE_PRODUCT = YES;
			};
			name = Release;
		};
		B01CFFB718AB5774001CF628 /* Debug */ = {
			isa = XCBuildConfiguration;
			buildSettings = {
				ASSETCATALOG_COMPILER_APPICON_NAME = AppIcon;
				ASSETCATALOG_COMPILER_LAUNCHIMAGE_NAME = LaunchImage;
				FRAMEWORK_SEARCH_PATHS = (
					"$(inherited)",
					/Users/bunny/Downloads/AMap_iOS_API_Lib_V2.1.3/2D,
					/Users/bunny/Downloads/AMap_iOS_API_Lib_V2.1.3/3D,
				);
				GCC_PRECOMPILE_PREFIX_HEADER = YES;
				GCC_PREFIX_HEADER = "fuelpath/fuelpath-Prefix.pch";
				INFOPLIST_FILE = "fuelpath/fuelpath-Info.plist";
				OTHER_LDFLAGS = "-ObjC";
				PRODUCT_NAME = "$(TARGET_NAME)";
				WRAPPER_EXTENSION = app;
			};
			name = Debug;
		};
		B01CFFB818AB5774001CF628 /* Release */ = {
			isa = XCBuildConfiguration;
			buildSettings = {
				ASSETCATALOG_COMPILER_APPICON_NAME = AppIcon;
				ASSETCATALOG_COMPILER_LAUNCHIMAGE_NAME = LaunchImage;
				FRAMEWORK_SEARCH_PATHS = (
					"$(inherited)",
					/Users/bunny/Downloads/AMap_iOS_API_Lib_V2.1.3/2D,
					/Users/bunny/Downloads/AMap_iOS_API_Lib_V2.1.3/3D,
				);
				GCC_PRECOMPILE_PREFIX_HEADER = YES;
				GCC_PREFIX_HEADER = "fuelpath/fuelpath-Prefix.pch";
				INFOPLIST_FILE = "fuelpath/fuelpath-Info.plist";
				OTHER_LDFLAGS = "-ObjC";
				PRODUCT_NAME = "$(TARGET_NAME)";
				WRAPPER_EXTENSION = app;
			};
			name = Release;
		};
		B01CFFBA18AB5774001CF628 /* Debug */ = {
			isa = XCBuildConfiguration;
			buildSettings = {
				ARCHS = "$(ARCHS_STANDARD_INCLUDING_64_BIT)";
				BUNDLE_LOADER = "$(BUILT_PRODUCTS_DIR)/fuelpath.app/fuelpath";
				FRAMEWORK_SEARCH_PATHS = (
					"$(SDKROOT)/Developer/Library/Frameworks",
					"$(inherited)",
					"$(DEVELOPER_FRAMEWORKS_DIR)",
				);
				GCC_PRECOMPILE_PREFIX_HEADER = YES;
				GCC_PREFIX_HEADER = "fuelpath/fuelpath-Prefix.pch";
				GCC_PREPROCESSOR_DEFINITIONS = (
					"DEBUG=1",
					"$(inherited)",
				);
				INFOPLIST_FILE = "fuelpathTests/fuelpathTests-Info.plist";
				PRODUCT_NAME = "$(TARGET_NAME)";
				TEST_HOST = "$(BUNDLE_LOADER)";
				WRAPPER_EXTENSION = xctest;
			};
			name = Debug;
		};
		B01CFFBB18AB5774001CF628 /* Release */ = {
			isa = XCBuildConfiguration;
			buildSettings = {
				ARCHS = "$(ARCHS_STANDARD_INCLUDING_64_BIT)";
				BUNDLE_LOADER = "$(BUILT_PRODUCTS_DIR)/fuelpath.app/fuelpath";
				FRAMEWORK_SEARCH_PATHS = (
					"$(SDKROOT)/Developer/Library/Frameworks",
					"$(inherited)",
					"$(DEVELOPER_FRAMEWORKS_DIR)",
				);
				GCC_PRECOMPILE_PREFIX_HEADER = YES;
				GCC_PREFIX_HEADER = "fuelpath/fuelpath-Prefix.pch";
				INFOPLIST_FILE = "fuelpathTests/fuelpathTests-Info.plist";
				PRODUCT_NAME = "$(TARGET_NAME)";
				TEST_HOST = "$(BUNDLE_LOADER)";
				WRAPPER_EXTENSION = xctest;
			};
			name = Release;
		};
/* End XCBuildConfiguration section */

/* Begin XCConfigurationList section */
		B01CFF7F18AB5774001CF628 /* Build configuration list for PBXProject "fuelpath" */ = {
			isa = XCConfigurationList;
			buildConfigurations = (
				B01CFFB418AB5774001CF628 /* Debug */,
				B01CFFB518AB5774001CF628 /* Release */,
			);
			defaultConfigurationIsVisible = 0;
			defaultConfigurationName = Release;
		};
		B01CFFB618AB5774001CF628 /* Build configuration list for PBXNativeTarget "fuelpath" */ = {
			isa = XCConfigurationList;
			buildConfigurations = (
				B01CFFB718AB5774001CF628 /* Debug */,
				B01CFFB818AB5774001CF628 /* Release */,
			);
			defaultConfigurationIsVisible = 0;
			defaultConfigurationName = Release;
		};
		B01CFFB918AB5774001CF628 /* Build configuration list for PBXNativeTarget "fuelpathTests" */ = {
			isa = XCConfigurationList;
			buildConfigurations = (
				B01CFFBA18AB5774001CF628 /* Debug */,
				B01CFFBB18AB5774001CF628 /* Release */,
			);
			defaultConfigurationIsVisible = 0;
			defaultConfigurationName = Release;
		};
/* End XCConfigurationList section */

/* Begin XCVersionGroup section */
		B07747DC18C23111009B7E04 /* Activity.xcdatamodeld */ = {
			isa = XCVersionGroup;
			children = (
				B07747DD18C23111009B7E04 /* Activity.xcdatamodel */,
			);
			currentVersion = B07747DD18C23111009B7E04 /* Activity.xcdatamodel */;
			path = Activity.xcdatamodeld;
			sourceTree = "<group>";
			versionGroupType = wrapper.xcdatamodel;
		};
/* End XCVersionGroup section */
	};
	rootObject = B01CFF7C18AB5774001CF628 /* Project object */;
}
